
Microsoft Visual Studio Solution File, Format Version 12.00
# Visual Studio Version 16
VisualStudioVersion = 16.0.808.3
MinimumVisualStudioVersion = 10.0.40219.1
Project("{FAE04EC0-301F-11D3-BF4B-00C04F79EFBC}") = "city.API", "city.API\city.API.csproj", "{AF8FBC8F-BF1E-49C2-8587-D078DBED7B38}"
EndProject
Project("{2150E333-8FDC-42A3-9474-1A3956D46DE8}") = "Solution Items", "Solution Items", "{782D48B5-BF84-4549-B60C-E64AB3C78A70}"
	ProjectSection(SolutionItems) = preProject
		.editorconfig = .editorconfig
	EndProjectSection
EndProject
Global
	GlobalSection(SolutionConfigurationPlatforms) = preSolution
		Debug|Any CPU = Debug|Any CPU
		Release|Any CPU = Release|Any CPU
	EndGlobalSection
	GlobalSection(ProjectConfigurationPlatforms) = postSolution
		{AF8FBC8F-BF1E-49C2-8587-D078DBED7B38}.Debug|Any CPU.ActiveCfg = Debug|Any CPU
		{AF8FBC8F-BF1E-49C2-8587-D078DBED7B38}.Debug|Any CPU.Build.0 = Debug|Any CPU
		{AF8FBC8F-BF1E-49C2-8587-D078DBED7B38}.Release|Any CPU.ActiveCfg = Release|Any CPU
		{AF8FBC8F-BF1E-49C2-8587-D078DBED7B38}.Release|Any CPU.Build.0 = Release|Any CPU
	EndGlobalSection
	GlobalSection(SolutionProperties) = preSolution
		HideSolutionNode = FALSE
	EndGlobalSection
	GlobalSection(ExtensibilityGlobals) = postSolution
		SolutionGuid = {8056AF58-4CCB-4B05-AC72-FA55E220CD4E}
	EndGlobalSection
EndGlobal
